
Microsoft Visual Studio Solution File, Format Version 12.00
# Visual Studio Version 17
VisualStudioVersion = 17.5.33516.290
MinimumVisualStudioVersion = 10.0.40219.1
Project("{9A19103F-16F7-4668-BE54-9A1E7A4F7556}") = "DesafioPorterGroup.Console", "src\DesafioPorterGroup.Console\DesafioPorterGroup.Console.csproj", "{7F1C6F8D-9064-4600-AEFF-27D6B76CBC6C}"
EndProject
Project("{FAE04EC0-301F-11D3-BF4B-00C04F79EFBC}") = "DesafioPorterGroup.Teste", "tests\DesafioPorterGroup.Teste\DesafioPorterGroup.Teste.csproj", "{4528F0E4-DE5D-4659-AA57-9CCE4C97E6D2}"
EndProject
Global
	GlobalSection(SolutionConfigurationPlatforms) = preSolution
		Debug|Any CPU = Debug|Any CPU
		Release|Any CPU = Release|Any CPU
	EndGlobalSection
	GlobalSection(ProjectConfigurationPlatforms) = postSolution
		{7F1C6F8D-9064-4600-AEFF-27D6B76CBC6C}.Debug|Any CPU.ActiveCfg = Debug|Any CPU
		{7F1C6F8D-9064-4600-AEFF-27D6B76CBC6C}.Debug|Any CPU.Build.0 = Debug|Any CPU
		{7F1C6F8D-9064-4600-AEFF-27D6B76CBC6C}.Release|Any CPU.ActiveCfg = Release|Any CPU
		{7F1C6F8D-9064-4600-AEFF-27D6B76CBC6C}.Release|Any CPU.Build.0 = Release|Any CPU
		{4528F0E4-DE5D-4659-AA57-9CCE4C97E6D2}.Debug|Any CPU.ActiveCfg = Debug|Any CPU
		{4528F0E4-DE5D-4659-AA57-9CCE4C97E6D2}.Debug|Any CPU.Build.0 = Debug|Any CPU
		{4528F0E4-DE5D-4659-AA57-9CCE4C97E6D2}.Release|Any CPU.ActiveCfg = Release|Any CPU
		{4528F0E4-DE5D-4659-AA57-9CCE4C97E6D2}.Release|Any CPU.Build.0 = Release|Any CPU
	EndGlobalSection
	GlobalSection(SolutionProperties) = preSolution
		HideSolutionNode = FALSE
	EndGlobalSection
	GlobalSection(ExtensibilityGlobals) = postSolution
		SolutionGuid = {E5DBFAAE-01F4-4253-83B7-BFDFF04B93F1}
	EndGlobalSection
EndGlobal
